{
  "version": 4,
  "terraform_version": "1.3.0",
  "serial": 164,
  "lineage": "058c6d26-eff7-dbb8-bb83-6c0c5bd03d95",
  "outputs": {},
  "resources": [
    {
      "mode": "managed",
      "type": "proxmox_vm_qemu",
      "name": "kube-server-set1",
      "provider": "provider[\"registry.terraform.io/telmate/proxmox\"]",
      "instances": [
        {
          "index_key": 0,
          "schema_version": 0,
          "attributes": {
            "additional_wait": 15,
            "agent": 1,
            "args": "",
            "balloon": 0,
            "bios": "seabios",
            "boot": "cdn",
            "bootdisk": "scsi0",
            "bridge": "",
            "ci_wait": null,
            "cicustom": "",
            "cipassword": "",
            "ciuser": "",
            "clone": "cloudinit-ubuntu-2204",
            "clone_wait": 15,
            "cloudinit_cdrom_storage": null,
            "cores": 2,
            "cpu": "host",
            "default_ipv4_address": "10.98.64.11",
            "define_connection_info": true,
            "desc": "",
            "disk": [
              {
                "backup": 0,
                "cache": "none",
                "discard": "",
                "file": "vm-103-disk-0",
                "format": "raw",
                "iothread": 1,
                "mbps": 0,
                "mbps_rd": 0,
                "mbps_rd_max": 0,
                "mbps_wr": 0,
                "mbps_wr_max": 0,
                "media": "",
                "replicate": 0,
                "size": "10G",
                "slot": 0,
                "ssd": 0,
                "storage": "local-lvm",
                "storage_type": "lvmthin",
                "type": "scsi",
                "volume": "local-lvm:vm-103-disk-0"
              }
            ],
            "disk_gb": 0,
            "force_create": false,
            "force_recreate_on_change_of": null,
            "full_clone": true,
            "guest_agent_ready_timeout": 600,
            "hastate": "",
            "hotplug": "network,disk,usb",
            "id": "cpu-2/qemu/103",
            "ipconfig0": "ip=10.98.64.11/8,gw=10.0.0.1",
            "ipconfig1": "ip=10.17.0.11/8",
            "ipconfig2": "",
            "iso": null,
            "kvm": true,
            "mac": "",
            "memory": 4096,
            "name": "set1-kube-server-01",
            "nameserver": "",
            "network": [
              {
                "bridge": "vmbr0",
                "firewall": false,
                "link_down": false,
                "macaddr": "9E:C5:14:91:B5:B3",
                "model": "virtio",
                "queues": 0,
                "rate": 0,
                "tag": -1
              },
              {
                "bridge": "vmbr0",
                "firewall": false,
                "link_down": false,
                "macaddr": "FA:FD:BA:7D:AA:19",
                "model": "virtio",
                "queues": 0,
                "rate": 0,
                "tag": -1
              }
            ],
            "nic": "",
            "numa": false,
            "onboot": true,
            "os_network_config": null,
            "os_type": "cloud-init",
            "pool": "",
            "preprovision": true,
            "qemu_os": "other",
            "reboot_required": false,
            "scsihw": "virtio-scsi-pci",
            "searchdomain": "",
            "serial": [],
            "sockets": 1,
            "ssh_forward_ip": null,
            "ssh_host": "10.98.64.11",
            "ssh_port": "22",
            "ssh_private_key": null,
            "ssh_user": null,
            "sshkeys": "  ssh-rsa AAAAB3NzaC1yc2EAAAADAQABAAABgQDpIKdY+tz+1vYCF/UjK6CjUspdEz4QC1FKzWcEr9IAPmWaJ8dDvyGr+EWS1m4StEFj3fVpSnFEIfvBVjJOFdwpfigwrqyTSgTR1d8nrvBYdN1lqXB3LKOFJRBvBNI4jqDMYvsplKjCnCRdLnNBK517Lk2jQjXA/kAdXY89lxFUVVtCLGQ6pZttU9ZNu5BnIwr8XtLxSMH+FHrZdmPkDTUF3i5tQZF/vysysXAjAi9sOxzwydTcJ90ApBqiWuiBHgoQAmg59nFNv74eE0PY9aqCtepN2P9gSsI4a/kxKORPGUlK2vE7euh2hHgHDyu2e/E4lowkeCfzxT9K8YSmBpT77V936e3VDByrlDxk1nNHSOhdrJFhkse1wiMnhbIt5Mb1NbY3kRNR1ecjU1Lu4E7Kf991yGFpveX7Bjml0XUZyedzWSZOQ69JHgDb7qBWqlHYzEqwDgrMv8+4DrPqh4tvY3V4aIJoANzWBFGY0dU24ojo77KsAVPFSdUXYV/9pcU= antreas@master-0\n\n",
            "storage": "",
            "storage_type": "",
            "tags": "",
            "target_node": "cpu-2",
            "unused_disk": [],
            "vcpus": 0,
            "vga": [],
            "vlan": -1,
            "vmid": null
          },
          "sensitive_attributes": [],
          "private": "bnVsbA=="
        }
      ]
    },
    {
      "mode": "managed",
      "type": "proxmox_vm_qemu",
      "name": "kube-server-set2",
      "provider": "provider[\"registry.terraform.io/telmate/proxmox\"]",
      "instances": [
        {
          "index_key": 0,
          "schema_version": 0,
          "attributes": {
            "additional_wait": 15,
            "agent": 1,
            "args": "",
            "balloon": 0,
            "bios": "seabios",
            "boot": "cdn",
            "bootdisk": "scsi0",
            "bridge": "",
            "ci_wait": null,
            "cicustom": "",
            "cipassword": "",
            "ciuser": "",
            "clone": "cloudinit-ubuntu-2204",
            "clone_wait": 15,
            "cloudinit_cdrom_storage": null,
            "cores": 2,
            "cpu": "host",
            "default_ipv4_address": "10.98.64.21",
            "define_connection_info": true,
            "desc": "",
            "disk": [
              {
                "backup": 0,
                "cache": "none",
                "discard": "",
                "file": "vm-104-disk-0",
                "format": "raw",
                "iothread": 1,
                "mbps": 0,
                "mbps_rd": 0,
                "mbps_rd_max": 0,
                "mbps_wr": 0,
                "mbps_wr_max": 0,
                "media": "",
                "replicate": 0,
                "size": "10G",
                "slot": 0,
                "ssd": 0,
                "storage": "local-lvm",
                "storage_type": "lvmthin",
                "type": "scsi",
                "volume": "local-lvm:vm-104-disk-0"
              }
            ],
            "disk_gb": 0,
            "force_create": false,
            "force_recreate_on_change_of": null,
            "full_clone": true,
            "guest_agent_ready_timeout": 600,
            "hastate": "",
            "hotplug": "network,disk,usb",
            "id": "cpu-3/qemu/104",
            "ipconfig0": "ip=10.98.64.21/8,gw=10.0.0.1",
            "ipconfig1": "ip=10.17.0.21/8",
            "ipconfig2": "",
            "iso": null,
            "kvm": true,
            "mac": "",
            "memory": 4096,
            "name": "set2-kube-server-01",
            "nameserver": "",
            "network": [
              {
                "bridge": "vmbr0",
                "firewall": false,
                "link_down": false,
                "macaddr": "86:B5:7B:A1:C4:83",
                "model": "virtio",
                "queues": 0,
                "rate": 0,
                "tag": -1
              },
              {
                "bridge": "vmbr0",
                "firewall": false,
                "link_down": false,
                "macaddr": "BE:E8:0D:DA:20:3A",
                "model": "virtio",
                "queues": 0,
                "rate": 0,
                "tag": -1
              }
            ],
            "nic": "",
            "numa": false,
            "onboot": true,
            "os_network_config": null,
            "os_type": "cloud-init",
            "pool": "",
            "preprovision": true,
            "qemu_os": "other",
            "reboot_required": false,
            "scsihw": "virtio-scsi-pci",
            "searchdomain": "",
            "serial": [],
            "sockets": 1,
            "ssh_forward_ip": null,
            "ssh_host": "10.98.64.21",
            "ssh_port": "22",
            "ssh_private_key": null,
            "ssh_user": null,
            "sshkeys": "  ssh-rsa AAAAB3NzaC1yc2EAAAADAQABAAABgQDpIKdY+tz+1vYCF/UjK6CjUspdEz4QC1FKzWcEr9IAPmWaJ8dDvyGr+EWS1m4StEFj3fVpSnFEIfvBVjJOFdwpfigwrqyTSgTR1d8nrvBYdN1lqXB3LKOFJRBvBNI4jqDMYvsplKjCnCRdLnNBK517Lk2jQjXA/kAdXY89lxFUVVtCLGQ6pZttU9ZNu5BnIwr8XtLxSMH+FHrZdmPkDTUF3i5tQZF/vysysXAjAi9sOxzwydTcJ90ApBqiWuiBHgoQAmg59nFNv74eE0PY9aqCtepN2P9gSsI4a/kxKORPGUlK2vE7euh2hHgHDyu2e/E4lowkeCfzxT9K8YSmBpT77V936e3VDByrlDxk1nNHSOhdrJFhkse1wiMnhbIt5Mb1NbY3kRNR1ecjU1Lu4E7Kf991yGFpveX7Bjml0XUZyedzWSZOQ69JHgDb7qBWqlHYzEqwDgrMv8+4DrPqh4tvY3V4aIJoANzWBFGY0dU24ojo77KsAVPFSdUXYV/9pcU= antreas@master-0\n\n",
            "storage": "",
            "storage_type": "",
            "tags": "",
            "target_node": "cpu-3",
            "unused_disk": [],
            "vcpus": 0,
            "vga": [],
            "vlan": -1,
            "vmid": null
          },
          "sensitive_attributes": [],
          "private": "bnVsbA=="
        }
      ]
    },
    {
      "mode": "managed",
      "type": "proxmox_vm_qemu",
      "name": "kube-server-set3",
      "provider": "provider[\"registry.terraform.io/telmate/proxmox\"]",
      "instances": [
        {
          "index_key": 0,
          "schema_version": 0,
          "attributes": {
            "additional_wait": 15,
            "agent": 1,
            "args": "",
            "balloon": 0,
            "bios": "seabios",
            "boot": "cdn",
            "bootdisk": "scsi0",
            "bridge": "",
            "ci_wait": null,
            "cicustom": "",
            "cipassword": "",
            "ciuser": "",
            "clone": "cloudinit-ubuntu-2204",
            "clone_wait": 15,
            "cloudinit_cdrom_storage": null,
            "cores": 2,
            "cpu": "host",
            "default_ipv4_address": "10.98.64.31",
            "define_connection_info": true,
            "desc": "",
            "disk": [
              {
                "backup": 0,
                "cache": "none",
                "discard": "",
                "file": "vm-105-disk-0",
                "format": "raw",
                "iothread": 1,
                "mbps": 0,
                "mbps_rd": 0,
                "mbps_rd_max": 0,
                "mbps_wr": 0,
                "mbps_wr_max": 0,
                "media": "",
                "replicate": 0,
                "size": "10G",
                "slot": 0,
                "ssd": 0,
                "storage": "local-lvm",
                "storage_type": "lvmthin",
                "type": "scsi",
                "volume": "local-lvm:vm-105-disk-0"
              }
            ],
            "disk_gb": 0,
            "force_create": false,
            "force_recreate_on_change_of": null,
            "full_clone": true,
            "guest_agent_ready_timeout": 600,
            "hastate": "",
            "hotplug": "network,disk,usb",
            "id": "cpu-4/qemu/105",
            "ipconfig0": "ip=10.98.64.31/8,gw=10.0.0.1",
            "ipconfig1": "ip=10.17.0.31/8",
            "ipconfig2": "",
            "iso": null,
            "kvm": true,
            "mac": "",
            "memory": 4096,
            "name": "set3-kube-server-01",
            "nameserver": "",
            "network": [
              {
                "bridge": "vmbr0",
                "firewall": false,
                "link_down": false,
                "macaddr": "02:91:34:93:87:E7",
                "model": "virtio",
                "queues": 0,
                "rate": 0,
                "tag": -1
              },
              {
                "bridge": "vmbr0",
                "firewall": false,
                "link_down": false,
                "macaddr": "12:35:6C:5C:BD:83",
                "model": "virtio",
                "queues": 0,
                "rate": 0,
                "tag": -1
              }
            ],
            "nic": "",
            "numa": false,
            "onboot": true,
            "os_network_config": null,
            "os_type": "cloud-init",
            "pool": "",
            "preprovision": true,
            "qemu_os": "other",
            "reboot_required": false,
            "scsihw": "virtio-scsi-pci",
            "searchdomain": "",
            "serial": [],
            "sockets": 1,
            "ssh_forward_ip": null,
            "ssh_host": "10.98.64.31",
            "ssh_port": "22",
            "ssh_private_key": null,
            "ssh_user": null,
            "sshkeys": "  ssh-rsa AAAAB3NzaC1yc2EAAAADAQABAAABgQDpIKdY+tz+1vYCF/UjK6CjUspdEz4QC1FKzWcEr9IAPmWaJ8dDvyGr+EWS1m4StEFj3fVpSnFEIfvBVjJOFdwpfigwrqyTSgTR1d8nrvBYdN1lqXB3LKOFJRBvBNI4jqDMYvsplKjCnCRdLnNBK517Lk2jQjXA/kAdXY89lxFUVVtCLGQ6pZttU9ZNu5BnIwr8XtLxSMH+FHrZdmPkDTUF3i5tQZF/vysysXAjAi9sOxzwydTcJ90ApBqiWuiBHgoQAmg59nFNv74eE0PY9aqCtepN2P9gSsI4a/kxKORPGUlK2vE7euh2hHgHDyu2e/E4lowkeCfzxT9K8YSmBpT77V936e3VDByrlDxk1nNHSOhdrJFhkse1wiMnhbIt5Mb1NbY3kRNR1ecjU1Lu4E7Kf991yGFpveX7Bjml0XUZyedzWSZOQ69JHgDb7qBWqlHYzEqwDgrMv8+4DrPqh4tvY3V4aIJoANzWBFGY0dU24ojo77KsAVPFSdUXYV/9pcU= antreas@master-0\n\n",
            "storage": "",
            "storage_type": "",
            "tags": "",
            "target_node": "cpu-4",
            "unused_disk": [],
            "vcpus": 0,
            "vga": [],
            "vlan": -1,
            "vmid": null
          },
          "sensitive_attributes": [],
          "private": "bnVsbA=="
        }
      ]
    }
  ],
  "check_results": []
}
